
Microsoft Visual Studio Solution File, Format Version 12.00
# Visual Studio Version 17
VisualStudioVersion = 17.13.35828.75 d17.13
MinimumVisualStudioVersion = 10.0.40219.1
Project("{FAE04EC0-301F-11D3-BF4B-00C04F79EFBC}") = "BibliotecaOnline", "BibliotecaOnline\BibliotecaOnline.csproj", "{1DA328F5-356A-4249-80BD-D1C2E32CFF2F}"
EndProject
Project("{FAE04EC0-301F-11D3-BF4B-00C04F79EFBC}") = "BibliotecaOnline.Tests", "BibliotecaOnline.Tests\BibliotecaOnline.Tests.csproj", "{B2E4F8A1-9C3D-4E5F-A6B7-8D9E0F1A2B3C}"
EndProject
Global
	GlobalSection(SolutionConfigurationPlatforms) = preSolution
		Debug|Any CPU = Debug|Any CPU
		Release|Any CPU = Release|Any CPU
	EndGlobalSection
	GlobalSection(ProjectConfigurationPlatforms) = postSolution
		{1DA328F5-356A-4249-80BD-D1C2E32CFF2F}.Debug|Any CPU.ActiveCfg = Debug|Any CPU
		{1DA328F5-356A-4249-80BD-D1C2E32CFF2F}.Debug|Any CPU.Build.0 = Debug|Any CPU
		{1DA328F5-356A-4249-80BD-D1C2E32CFF2F}.Release|Any CPU.ActiveCfg = Release|Any CPU
		{1DA328F5-356A-4249-80BD-D1C2E32CFF2F}.Release|Any CPU.Build.0 = Release|Any CPU
		{B2E4F8A1-9C3D-4E5F-A6B7-8D9E0F1A2B3C}.Debug|Any CPU.ActiveCfg = Debug|Any CPU
		{B2E4F8A1-9C3D-4E5F-A6B7-8D9E0F1A2B3C}.Debug|Any CPU.Build.0 = Debug|Any CPU
		{B2E4F8A1-9C3D-4E5F-A6B7-8D9E0F1A2B3C}.Release|Any CPU.ActiveCfg = Release|Any CPU
		{B2E4F8A1-9C3D-4E5F-A6B7-8D9E0F1A2B3C}.Release|Any CPU.Build.0 = Release|Any CPU
	EndGlobalSection
	GlobalSection(SolutionProperties) = preSolution
		HideSolutionNode = FALSE
	EndGlobalSection
	GlobalSection(ExtensibilityGlobals) = postSolution
		SolutionGuid = {AF727CF6-4F26-43A8-8131-EDB6D7CA42BA}
	EndGlobalSection
EndGlobal
